
Microsoft Visual Studio Solution File, Format Version 12.00
# Visual Studio Version 17
VisualStudioVersion = 17.5.33516.290
MinimumVisualStudioVersion = 10.0.40219.1
Project("{9A19103F-16F7-4668-BE54-9A1E7A4F7556}") = "UnitTest_BotRoboCon", "UnitTest_BotRoboCon\UnitTest_BotRoboCon.csproj", "{2D795961-7F2C-4A70-89FF-A9A1784F0129}"
EndProject
Project("{9A19103F-16F7-4668-BE54-9A1E7A4F7556}") = "Web", "Web\Web.csproj", "{4E22E678-855B-48D5-A4CD-2DEC889A4FA4}"
EndProject
Project("{9A19103F-16F7-4668-BE54-9A1E7A4F7556}") = "TreeTest", "TreeTest\TreeTest.csproj", "{694B72E3-DB25-4BE8-BC22-849C9B28B600}"
EndProject
Global
	GlobalSection(SolutionConfigurationPlatforms) = preSolution
		Debug|Any CPU = Debug|Any CPU
		Release|Any CPU = Release|Any CPU
	EndGlobalSection
	GlobalSection(ProjectConfigurationPlatforms) = postSolution
		{2D795961-7F2C-4A70-89FF-A9A1784F0129}.Debug|Any CPU.ActiveCfg = Debug|Any CPU
		{2D795961-7F2C-4A70-89FF-A9A1784F0129}.Debug|Any CPU.Build.0 = Debug|Any CPU
		{2D795961-7F2C-4A70-89FF-A9A1784F0129}.Release|Any CPU.ActiveCfg = Release|Any CPU
		{2D795961-7F2C-4A70-89FF-A9A1784F0129}.Release|Any CPU.Build.0 = Release|Any CPU
		{4E22E678-855B-48D5-A4CD-2DEC889A4FA4}.Debug|Any CPU.ActiveCfg = Debug|Any CPU
		{4E22E678-855B-48D5-A4CD-2DEC889A4FA4}.Debug|Any CPU.Build.0 = Debug|Any CPU
		{4E22E678-855B-48D5-A4CD-2DEC889A4FA4}.Release|Any CPU.ActiveCfg = Release|Any CPU
		{4E22E678-855B-48D5-A4CD-2DEC889A4FA4}.Release|Any CPU.Build.0 = Release|Any CPU
		{694B72E3-DB25-4BE8-BC22-849C9B28B600}.Debug|Any CPU.ActiveCfg = Debug|Any CPU
		{694B72E3-DB25-4BE8-BC22-849C9B28B600}.Debug|Any CPU.Build.0 = Debug|Any CPU
		{694B72E3-DB25-4BE8-BC22-849C9B28B600}.Release|Any CPU.ActiveCfg = Release|Any CPU
		{694B72E3-DB25-4BE8-BC22-849C9B28B600}.Release|Any CPU.Build.0 = Release|Any CPU
	EndGlobalSection
	GlobalSection(SolutionProperties) = preSolution
		HideSolutionNode = FALSE
	EndGlobalSection
	GlobalSection(ExtensibilityGlobals) = postSolution
		SolutionGuid = {F6A179C9-4515-4F51-AD76-7DFB3F48E2DC}
	EndGlobalSection
EndGlobal
